
Microsoft Visual Studio Solution File, Format Version 12.00
# Visual Studio Version 16
VisualStudioVersion = 16.0.31105.61
MinimumVisualStudioVersion = 10.0.40219.1
Project("{FAE04EC0-301F-11D3-BF4B-00C04F79EFBC}") = "CoreAPIs", "CoreAPIs\CoreAPIs.csproj", "{93257208-5757-407A-BF70-51A84DD21662}"
EndProject
Global
	GlobalSection(SolutionConfigurationPlatforms) = preSolution
		Debug|Any CPU = Debug|Any CPU
		Release|Any CPU = Release|Any CPU
	EndGlobalSection
	GlobalSection(ProjectConfigurationPlatforms) = postSolution
		{93257208-5757-407A-BF70-51A84DD21662}.Debug|Any CPU.ActiveCfg = Debug|Any CPU
		{93257208-5757-407A-BF70-51A84DD21662}.Debug|Any CPU.Build.0 = Debug|Any CPU
		{93257208-5757-407A-BF70-51A84DD21662}.Release|Any CPU.ActiveCfg = Release|Any CPU
		{93257208-5757-407A-BF70-51A84DD21662}.Release|Any CPU.Build.0 = Release|Any CPU
	EndGlobalSection
	GlobalSection(SolutionProperties) = preSolution
		HideSolutionNode = FALSE
	EndGlobalSection
	GlobalSection(ExtensibilityGlobals) = postSolution
		SolutionGuid = {B0587CA1-91CF-46D6-ADF4-8A1202FF3453}
	EndGlobalSection
EndGlobal
