
Microsoft Visual Studio Solution File, Format Version 12.00
# Visual Studio Version 16
VisualStudioVersion = 16.0.31105.61
MinimumVisualStudioVersion = 10.0.40219.1
Project("{9A19103F-16F7-4668-BE54-9A1E7A4F7556}") = "NetCore3WebAPI", "NetCore3WebAPI.csproj", "{5923CA54-DFBE-470B-8993-D1C2D3712E47}"
EndProject
Global
	GlobalSection(SolutionConfigurationPlatforms) = preSolution
		Debug|Any CPU = Debug|Any CPU
		Release|Any CPU = Release|Any CPU
	EndGlobalSection
	GlobalSection(ProjectConfigurationPlatforms) = postSolution
		{5923CA54-DFBE-470B-8993-D1C2D3712E47}.Debug|Any CPU.ActiveCfg = Debug|Any CPU
		{5923CA54-DFBE-470B-8993-D1C2D3712E47}.Debug|Any CPU.Build.0 = Debug|Any CPU
		{5923CA54-DFBE-470B-8993-D1C2D3712E47}.Release|Any CPU.ActiveCfg = Release|Any CPU
		{5923CA54-DFBE-470B-8993-D1C2D3712E47}.Release|Any CPU.Build.0 = Release|Any CPU
	EndGlobalSection
	GlobalSection(SolutionProperties) = preSolution
		HideSolutionNode = FALSE
	EndGlobalSection
	GlobalSection(ExtensibilityGlobals) = postSolution
		SolutionGuid = {A395D36C-1262-421A-B9FA-7C9ADDEED674}
	EndGlobalSection
EndGlobal
